
Microsoft Visual Studio Solution File, Format Version 12.00
# Visual Studio Version 16
VisualStudioVersion = 16.0.29806.167
MinimumVisualStudioVersion = 10.0.40219.1
Project("{FAE04EC0-301F-11D3-BF4B-00C04F79EFBC}") = "OrenoMSE", "OrenoMSE.csproj", "{388A1BEE-0754-4E91-96F8-37723CC0CEC4}"
EndProject
Project("{2150E333-8FDC-42A3-9474-1A3956D46DE8}") = "Solution Items", "Solution Items", "{C7E269F5-618A-4713-9C36-292F7E61EFA2}"
	ProjectSection(SolutionItems) = preProject
		.editorconfig = .editorconfig
	EndProjectSection
EndProject
Global
	GlobalSection(SolutionConfigurationPlatforms) = preSolution
		Debug|Any CPU = Debug|Any CPU
		Release|Any CPU = Release|Any CPU
	EndGlobalSection
	GlobalSection(ProjectConfigurationPlatforms) = postSolution
		{388A1BEE-0754-4E91-96F8-37723CC0CEC4}.Debug|Any CPU.ActiveCfg = Debug|Any CPU
		{388A1BEE-0754-4E91-96F8-37723CC0CEC4}.Debug|Any CPU.Build.0 = Debug|Any CPU
		{388A1BEE-0754-4E91-96F8-37723CC0CEC4}.Release|Any CPU.ActiveCfg = Release|Any CPU
		{388A1BEE-0754-4E91-96F8-37723CC0CEC4}.Release|Any CPU.Build.0 = Release|Any CPU
	EndGlobalSection
	GlobalSection(SolutionProperties) = preSolution
		HideSolutionNode = FALSE
	EndGlobalSection
	GlobalSection(ExtensibilityGlobals) = postSolution
		SolutionGuid = {25B08783-F8A6-44FE-AF8D-3CB1FA7BA0BC}
	EndGlobalSection
EndGlobal
